// !$*UTF8*$!
{
	archiveVersion = 1;
	classes = {
	};
	objectVersion = 50;
	objects = {

/* Begin PBXBuildFile section */
		D5F2EA1722C2282800E71B2C /* AppDelegate.swift in Sources */ = {isa = PBXBuildFile; fileRef = D5F2EA1622C2282800E71B2C /* AppDelegate.swift */; };
		D5F2EA1922C2282800E71B2C /* ViewController.swift in Sources */ = {isa = PBXBuildFile; fileRef = D5F2EA1822C2282800E71B2C /* ViewController.swift */; };
		D5F2EA1C22C2282800E71B2C /* Main.storyboard in Resources */ = {isa = PBXBuildFile; fileRef = D5F2EA1A22C2282800E71B2C /* Main.storyboard */; };
		D5F2EA1E22C2282B00E71B2C /* Assets.xcassets in Resources */ = {isa = PBXBuildFile; fileRef = D5F2EA1D22C2282B00E71B2C /* Assets.xcassets */; };
		D5F2EA2922C2282B00E71B2C /* Swift5Tests.swift in Sources */ = {isa = PBXBuildFile; fileRef = D5F2EA2822C2282B00E71B2C /* Swift5Tests.swift */; };
		D5F2EA3422C2282B00E71B2C /* Swift5UITests.swift in Sources */ = {isa = PBXBuildFile; fileRef = D5F2EA3322C2282B00E71B2C /* Swift5UITests.swift */; };
/* End PBXBuildFile section */

/* Begin PBXContainerItemProxy section */
		D5F2EA2522C2282B00E71B2C /* PBXContainerItemProxy */ = {
			isa = PBXContainerItemProxy;
			containerPortal = D5F2EA0B22C2282800E71B2C /* Project object */;
			proxyType = 1;
			remoteGlobalIDString = D5F2EA1222C2282800E71B2C;
			remoteInfo = Swift5;
		};
		D5F2EA3022C2282B00E71B2C /* PBXContainerItemProxy */ = {
			isa = PBXContainerItemProxy;
			containerPortal = D5F2EA0B22C2282800E71B2C /* Project object */;
			proxyType = 1;
			remoteGlobalIDString = D5F2EA1222C2282800E71B2C;
			remoteInfo = Swift5;
		};
/* End PBXContainerItemProxy section */

/* Begin PBXFileReference section */
		D5F2EA1322C2282800E71B2C /* Swift5.app */ = {isa = PBXFileReference; explicitFileType = wrapper.application; includeInIndex = 0; path = Swift5.app; sourceTree = BUILT_PRODUCTS_DIR; };
		D5F2EA1622C2282800E71B2C /* AppDelegate.swift */ = {isa = PBXFileReference; lastKnownFileType = sourcecode.swift; path = AppDelegate.swift; sourceTree = "<group>"; };
		D5F2EA1822C2282800E71B2C /* ViewController.swift */ = {isa = PBXFileReference; lastKnownFileType = sourcecode.swift; path = ViewController.swift; sourceTree = "<group>"; };
		D5F2EA1B22C2282800E71B2C /* Base */ = {isa = PBXFileReference; lastKnownFileType = file.storyboard; name = Base; path = Base.lproj/Main.storyboard; sourceTree = "<group>"; };
		D5F2EA1D22C2282B00E71B2C /* Assets.xcassets */ = {isa = PBXFileReference; lastKnownFileType = folder.assetcatalog; path = Assets.xcassets; sourceTree = "<group>"; };
		D5F2EA1F22C2282B00E71B2C /* Info.plist */ = {isa = PBXFileReference; lastKnownFileType = text.plist.xml; path = Info.plist; sourceTree = "<group>"; };
		D5F2EA2422C2282B00E71B2C /* Swift5Tests.xctest */ = {isa = PBXFileReference; explicitFileType = wrapper.cfbundle; includeInIndex = 0; path = Swift5Tests.xctest; sourceTree = BUILT_PRODUCTS_DIR; };
		D5F2EA2822C2282B00E71B2C /* Swift5Tests.swift */ = {isa = PBXFileReference; lastKnownFileType = sourcecode.swift; path = Swift5Tests.swift; sourceTree = "<group>"; };
		D5F2EA2A22C2282B00E71B2C /* Info.plist */ = {isa = PBXFileReference; lastKnownFileType = text.plist.xml; path = Info.plist; sourceTree = "<group>"; };
		D5F2EA2F22C2282B00E71B2C /* Swift5UITests.xctest */ = {isa = PBXFileReference; explicitFileType = wrapper.cfbundle; includeInIndex = 0; path = Swift5UITests.xctest; sourceTree = BUILT_PRODUCTS_DIR; };
		D5F2EA3322C2282B00E71B2C /* Swift5UITests.swift */ = {isa = PBXFileReference; lastKnownFileType = sourcecode.swift; path = Swift5UITests.swift; sourceTree = "<group>"; };
		D5F2EA3522C2282B00E71B2C /* Info.plist */ = {isa = PBXFileReference; lastKnownFileType = text.plist.xml; path = Info.plist; sourceTree = "<group>"; };
/* End PBXFileReference section */

/* Begin PBXFrameworksBuildPhase section */
		D5F2EA1022C2282800E71B2C /* Frameworks */ = {
			isa = PBXFrameworksBuildPhase;
			buildActionMask = 2147483647;
			files = (
			);
			runOnlyForDeploymentPostprocessing = 0;
		};
		D5F2EA2122C2282B00E71B2C /* Frameworks */ = {
			isa = PBXFrameworksBuildPhase;
			buildActionMask = 2147483647;
			files = (
			);
			runOnlyForDeploymentPostprocessing = 0;
		};
		D5F2EA2C22C2282B00E71B2C /* Frameworks */ = {
			isa = PBXFrameworksBuildPhase;
			buildActionMask = 2147483647;
			files = (
			);
			runOnlyForDeploymentPostprocessing = 0;
		};
/* End PBXFrameworksBuildPhase section */

/* Begin PBXGroup section */
		D5F2EA0A22C2282800E71B2C = {
			isa = PBXGroup;
			children = (
				D5F2EA1522C2282800E71B2C /* Swift5 */,
				D5F2EA2722C2282B00E71B2C /* Swift5Tests */,
				D5F2EA3222C2282B00E71B2C /* Swift5UITests */,
				D5F2EA1422C2282800E71B2C /* Products */,
			);
			sourceTree = "<group>";
		};
		D5F2EA1422C2282800E71B2C /* Products */ = {
			isa = PBXGroup;
			children = (
				D5F2EA1322C2282800E71B2C /* Swift5.app */,
				D5F2EA2422C2282B00E71B2C /* Swift5Tests.xctest */,
				D5F2EA2F22C2282B00E71B2C /* Swift5UITests.xctest */,
			);
			name = Products;
			sourceTree = "<group>";
		};
		D5F2EA1522C2282800E71B2C /* Swift5 */ = {
			isa = PBXGroup;
			children = (
				D5F2EA1622C2282800E71B2C /* AppDelegate.swift */,
				D5F2EA1822C2282800E71B2C /* ViewController.swift */,
				D5F2EA1A22C2282800E71B2C /* Main.storyboard */,
				D5F2EA1D22C2282B00E71B2C /* Assets.xcassets */,
				D5F2EA1F22C2282B00E71B2C /* Info.plist */,
			);
			path = Swift5;
			sourceTree = "<group>";
		};
		D5F2EA2722C2282B00E71B2C /* Swift5Tests */ = {
			isa = PBXGroup;
			children = (
				D5F2EA2822C2282B00E71B2C /* Swift5Tests.swift */,
				D5F2EA2A22C2282B00E71B2C /* Info.plist */,
			);
			path = Swift5Tests;
			sourceTree = "<group>";
		};
		D5F2EA3222C2282B00E71B2C /* Swift5UITests */ = {
			isa = PBXGroup;
			children = (
				D5F2EA3322C2282B00E71B2C /* Swift5UITests.swift */,
				D5F2EA3522C2282B00E71B2C /* Info.plist */,
			);
			path = Swift5UITests;
			sourceTree = "<group>";
		};
/* End PBXGroup section */

/* Begin PBXNativeTarget section */
		D5F2EA1222C2282800E71B2C /* Swift5 */ = {
			isa = PBXNativeTarget;
			buildConfigurationList = D5F2EA3822C2282B00E71B2C /* Build configuration list for PBXNativeTarget "Swift5" */;
			buildPhases = (
				D5F2EA0F22C2282800E71B2C /* Sources */,
				D5F2EA1022C2282800E71B2C /* Frameworks */,
				D5F2EA1122C2282800E71B2C /* Resources */,
			);
			buildRules = (
			);
			dependencies = (
			);
			name = Swift5;
			productName = Swift5;
			productReference = D5F2EA1322C2282800E71B2C /* Swift5.app */;
			productType = "com.apple.product-type.application";
		};
		D5F2EA2322C2282B00E71B2C /* Swift5Tests */ = {
			isa = PBXNativeTarget;
			buildConfigurationList = D5F2EA3B22C2282B00E71B2C /* Build configuration list for PBXNativeTarget "Swift5Tests" */;
			buildPhases = (
				D5F2EA2022C2282B00E71B2C /* Sources */,
				D5F2EA2122C2282B00E71B2C /* Frameworks */,
				D5F2EA2222C2282B00E71B2C /* Resources */,
			);
			buildRules = (
			);
			dependencies = (
				D5F2EA2622C2282B00E71B2C /* PBXTargetDependency */,
			);
			name = Swift5Tests;
			productName = Swift5Tests;
			productReference = D5F2EA2422C2282B00E71B2C /* Swift5Tests.xctest */;
			productType = "com.apple.product-type.bundle.unit-test";
		};
		D5F2EA2E22C2282B00E71B2C /* Swift5UITests */ = {
			isa = PBXNativeTarget;
			buildConfigurationList = D5F2EA3E22C2282B00E71B2C /* Build configuration list for PBXNativeTarget "Swift5UITests" */;
			buildPhases = (
				D5F2EA2B22C2282B00E71B2C /* Sources */,
				D5F2EA2C22C2282B00E71B2C /* Frameworks */,
				D5F2EA2D22C2282B00E71B2C /* Resources */,
			);
			buildRules = (
			);
			dependencies = (
				D5F2EA3122C2282B00E71B2C /* PBXTargetDependency */,
			);
			name = Swift5UITests;
			productName = Swift5UITests;
			productReference = D5F2EA2F22C2282B00E71B2C /* Swift5UITests.xctest */;
			productType = "com.apple.product-type.bundle.ui-testing";
		};
/* End PBXNativeTarget section */

/* Begin PBXProject section */
		D5F2EA0B22C2282800E71B2C /* Project object */ = {
			isa = PBXProject;
			attributes = {
				LastSwiftUpdateCheck = 1020;
				LastUpgradeCheck = 1020;
				ORGANIZATIONNAME = Personal;
				TargetAttributes = {
					D5F2EA1222C2282800E71B2C = {
						CreatedOnToolsVersion = 10.2.1;
					};
					D5F2EA2322C2282B00E71B2C = {
						CreatedOnToolsVersion = 10.2.1;
						TestTargetID = D5F2EA1222C2282800E71B2C;
					};
					D5F2EA2E22C2282B00E71B2C = {
						CreatedOnToolsVersion = 10.2.1;
						TestTargetID = D5F2EA1222C2282800E71B2C;
					};
				};
			};
			buildConfigurationList = D5F2EA0E22C2282800E71B2C /* Build configuration list for PBXProject "Swift5" */;
			compatibilityVersion = "Xcode 9.3";
			developmentRegion = en;
			hasScannedForEncodings = 0;
			knownRegions = (
				en,
				Base,
			);
			mainGroup = D5F2EA0A22C2282800E71B2C;
			productRefGroup = D5F2EA1422C2282800E71B2C /* Products */;
			projectDirPath = "";
			projectRoot = "";
			targets = (
				D5F2EA1222C2282800E71B2C /* Swift5 */,
				D5F2EA2322C2282B00E71B2C /* Swift5Tests */,
				D5F2EA2E22C2282B00E71B2C /* Swift5UITests */,
			);
		};
/* End PBXProject section */

/* Begin PBXResourcesBuildPhase section */
		D5F2EA1122C2282800E71B2C /* Resources */ = {
			isa = PBXResourcesBuildPhase;
			buildActionMask = 2147483647;
			files = (
				D5F2EA1E22C2282B00E71B2C /* Assets.xcassets in Resources */,
				D5F2EA1C22C2282800E71B2C /* Main.storyboard in Resources */,
			);
			runOnlyForDeploymentPostprocessing = 0;
		};
		D5F2EA2222C2282B00E71B2C /* Resources */ = {
			isa = PBXResourcesBuildPhase;
			buildActionMask = 2147483647;
			files = (
			);
			runOnlyForDeploymentPostprocessing = 0;
		};
		D5F2EA2D22C2282B00E71B2C /* Resources */ = {
			isa = PBXResourcesBuildPhase;
			buildActionMask = 2147483647;
			files = (
			);
			runOnlyForDeploymentPostprocessing = 0;
		};
/* End PBXResourcesBuildPhase section */

/* Begin PBXSourcesBuildPhase section */
		D5F2EA0F22C2282800E71B2C /* Sources */ = {
			isa = PBXSourcesBuildPhase;
			buildActionMask = 2147483647;
			files = (
				D5F2EA1922C2282800E71B2C /* ViewController.swift in Sources */,
				D5F2EA1722C2282800E71B2C /* AppDelegate.swift in Sources */,
			);
			runOnlyForDeploymentPostprocessing = 0;
		};
		D5F2EA2022C2282B00E71B2C /* Sources */ = {
			isa = PBXSourcesBuildPhase;
			buildActionMask = 2147483647;
			files = (
				D5F2EA2922C2282B00E71B2C /* Swift5Tests.swift in Sources */,
			);
			runOnlyForDeploymentPostprocessing = 0;
		};
		D5F2EA2B22C2282B00E71B2C /* Sources */ = {
			isa = PBXSourcesBuildPhase;
			buildActionMask = 2147483647;
			files = (
				D5F2EA3422C2282B00E71B2C /* Swift5UITests.swift in Sources */,
			);
			runOnlyForDeploymentPostprocessing = 0;
		};
/* End PBXSourcesBuildPhase section */

/* Begin PBXTargetDependency section */
		D5F2EA2622C2282B00E71B2C /* PBXTargetDependency */ = {
			isa = PBXTargetDependency;
			target = D5F2EA1222C2282800E71B2C /* Swift5 */;
			targetProxy = D5F2EA2522C2282B00E71B2C /* PBXContainerItemProxy */;
		};
		D5F2EA3122C2282B00E71B2C /* PBXTargetDependency */ = {
			isa = PBXTargetDependency;
			target = D5F2EA1222C2282800E71B2C /* Swift5 */;
			targetProxy = D5F2EA3022C2282B00E71B2C /* PBXContainerItemProxy */;
		};
/* End PBXTargetDependency section */

/* Begin PBXVariantGroup section */
		D5F2EA1A22C2282800E71B2C /* Main.storyboard */ = {
			isa = PBXVariantGroup;
			children = (
				D5F2EA1B22C2282800E71B2C /* Base */,
			);
			name = Main.storyboard;
			sourceTree = "<group>";
		};
/* End PBXVariantGroup section */

/* Begin XCBuildConfiguration section */
		D5F2EA3622C2282B00E71B2C /* Debug */ = {
			isa = XCBuildConfiguration;
			buildSettings = {
				ALWAYS_SEARCH_USER_PATHS = NO;
				CLANG_ANALYZER_NONNULL = YES;
				CLANG_ANALYZER_NUMBER_OBJECT_CONVERSION = YES_AGGRESSIVE;
				CLANG_CXX_LANGUAGE_STANDARD = "gnu++14";
				CLANG_CXX_LIBRARY = "libc++";
				CLANG_ENABLE_MODULES = YES;
				CLANG_ENABLE_OBJC_ARC = YES;
				CLANG_ENABLE_OBJC_WEAK = YES;
				CLANG_WARN_BLOCK_CAPTURE_AUTORELEASING = YES;
				CLANG_WARN_BOOL_CONVERSION = YES;
				CLANG_WARN_COMMA = YES;
				CLANG_WARN_CONSTANT_CONVERSION = YES;
				CLANG_WARN_DEPRECATED_OBJC_IMPLEMENTATIONS = YES;
				CLANG_WARN_DIRECT_OBJC_ISA_USAGE = YES_ERROR;
				CLANG_WARN_DOCUMENTATION_COMMENTS = YES;
				CLANG_WARN_EMPTY_BODY = YES;
				CLANG_WARN_ENUM_CONVERSION = YES;
				CLANG_WARN_INFINITE_RECURSION = YES;
				CLANG_WARN_INT_CONVERSION = YES;
				CLANG_WARN_NON_LITERAL_NULL_CONVERSION = YES;
				CLANG_WARN_OBJC_IMPLICIT_RETAIN_SELF = YES;
				CLANG_WARN_OBJC_LITERAL_CONVERSION = YES;
				CLANG_WARN_OBJC_ROOT_CLASS = YES_ERROR;
				CLANG_WARN_RANGE_LOOP_ANALYSIS = YES;
				CLANG_WARN_STRICT_PROTOTYPES = YES;
				CLANG_WARN_SUSPICIOUS_MOVE = YES;
				CLANG_WARN_UNGUARDED_AVAILABILITY = YES_AGGRESSIVE;
				CLANG_WARN_UNREACHABLE_CODE = YES;
				CLANG_WARN__DUPLICATE_METHOD_MATCH = YES;
				COPY_PHASE_STRIP = NO;
				DEBUG_INFORMATION_FORMAT = dwarf;
				ENABLE_STRICT_OBJC_MSGSEND = YES;
				ENABLE_TESTABILITY = YES;
				GCC_C_LANGUAGE_STANDARD = gnu11;
				GCC_DYNAMIC_NO_PIC = NO;
				GCC_NO_COMMON_BLOCKS = YES;
				GCC_OPTIMIZATION_LEVEL = 0;
				GCC_PREPROCESSOR_DEFINITIONS = (
					"DEBUG=1",
					"$(inherited)",
				);
				GCC_WARN_64_TO_32_BIT_CONVERSION = YES;
				GCC_WARN_ABOUT_RETURN_TYPE = YES_ERROR;
				GCC_WARN_UNDECLARED_SELECTOR = YES;
				GCC_WARN_UNINITIALIZED_AUTOS = YES_AGGRESSIVE;
				GCC_WARN_UNUSED_FUNCTION = YES;
				GCC_WARN_UNUSED_VARIABLE = YES;
				MTL_ENABLE_DEBUG_INFO = INCLUDE_SOURCE;
				MTL_FAST_MATH = YES;
				ONLY_ACTIVE_ARCH = YES;
				SDKROOT = appletvos;
				SWIFT_ACTIVE_COMPILATION_CONDITIONS = DEBUG;
				SWIFT_OPTIMIZATION_LEVEL = "-Onone";
				TVOS_DEPLOYMENT_TARGET = 12.2;
			};
			name = Debug;
		};
		D5F2EA3722C2282B00E71B2C /* Release */ = {
			isa = XCBuildConfiguration;
			buildSettings = {
				ALWAYS_SEARCH_USER_PATHS = NO;
				CLANG_ANALYZER_NONNULL = YES;
				CLANG_ANALYZER_NUMBER_OBJECT_CONVERSION = YES_AGGRESSIVE;
				CLANG_CXX_LANGUAGE_STANDARD = "gnu++14";
				CLANG_CXX_LIBRARY = "libc++";
				CLANG_ENABLE_MODULES = YES;
				CLANG_ENABLE_OBJC_ARC = YES;
				CLANG_ENABLE_OBJC_WEAK = YES;
				CLANG_WARN_BLOCK_CAPTURE_AUTORELEASING = YES;
				CLANG_WARN_BOOL_CONVERSION = YES;
				CLANG_WARN_COMMA = YES;
				CLANG_WARN_CONSTANT_CONVERSION = YES;
				CLANG_WARN_DEPRECATED_OBJC_IMPLEMENTATIONS = YES;
				CLANG_WARN_DIRECT_OBJC_ISA_USAGE = YES_ERROR;
				CLANG_WARN_DOCUMENTATION_COMMENTS = YES;
				CLANG_WARN_EMPTY_BODY = YES;
				CLANG_WARN_ENUM_CONVERSION = YES;
				CLANG_WARN_INFINITE_RECURSION = YES;
				CLANG_WARN_INT_CONVERSION = YES;
				CLANG_WARN_NON_LITERAL_NULL_CONVERSION = YES;
				CLANG_WARN_OBJC_IMPLICIT_RETAIN_SELF = YES;
				CLANG_WARN_OBJC_LITERAL_CONVERSION = YES;
				CLANG_WARN_OBJC_ROOT_CLASS = YES_ERROR;
				CLANG_WARN_RANGE_LOOP_ANALYSIS = YES;
				CLANG_WARN_STRICT_PROTOTYPES = YES;
				CLANG_WARN_SUSPICIOUS_MOVE = YES;
				CLANG_WARN_UNGUARDED_AVAILABILITY = YES_AGGRESSIVE;
				CLANG_WARN_UNREACHABLE_CODE = YES;
				CLANG_WARN__DUPLICATE_METHOD_MATCH = YES;
				COPY_PHASE_STRIP = NO;
				DEBUG_INFORMATION_FORMAT = "dwarf-with-dsym";
				ENABLE_NS_ASSERTIONS = NO;
				ENABLE_STRICT_OBJC_MSGSEND = YES;
				GCC_C_LANGUAGE_STANDARD = gnu11;
				GCC_NO_COMMON_BLOCKS = YES;
				GCC_WARN_64_TO_32_BIT_CONVERSION = YES;
				GCC_WARN_ABOUT_RETURN_TYPE = YES_ERROR;
				GCC_WARN_UNDECLARED_SELECTOR = YES;
				GCC_WARN_UNINITIALIZED_AUTOS = YES_AGGRESSIVE;
				GCC_WARN_UNUSED_FUNCTION = YES;
				GCC_WARN_UNUSED_VARIABLE = YES;
				MTL_ENABLE_DEBUG_INFO = NO;
				MTL_FAST_MATH = YES;
				SDKROOT = appletvos;
				SWIFT_COMPILATION_MODE = wholemodule;
				SWIFT_OPTIMIZATION_LEVEL = "-O";
				TVOS_DEPLOYMENT_TARGET = 12.2;
				VALIDATE_PRODUCT = YES;
			};
			name = Release;
		};
		D5F2EA3922C2282B00E71B2C /* Debug */ = {
			isa = XCBuildConfiguration;
			buildSettings = {
				ASSETCATALOG_COMPILER_APPICON_NAME = "App Icon & Top Shelf Image";
				ASSETCATALOG_COMPILER_LAUNCHIMAGE_NAME = LaunchImage;
				CODE_SIGN_STYLE = Manual;
				DEVELOPMENT_TEAM = "";
				INFOPLIST_FILE = Swift5/Info.plist;
				LD_RUNPATH_SEARCH_PATHS = (
					"$(inherited)",
					"@executable_path/Frameworks",
				);
				PRODUCT_BUNDLE_IDENTIFIER = com.sample.Swift5;
				PRODUCT_NAME = "$(TARGET_NAME)";
				PROVISIONING_PROFILE_SPECIFIER = "";
				SWIFT_VERSION = 5.0;
				TARGETED_DEVICE_FAMILY = 3;
			};
			name = Debug;
		};
		D5F2EA3A22C2282B00E71B2C /* Release */ = {
			isa = XCBuildConfiguration;
			buildSettings = {
				ASSETCATALOG_COMPILER_APPICON_NAME = "App Icon & Top Shelf Image";
				ASSETCATALOG_COMPILER_LAUNCHIMAGE_NAME = LaunchImage;
				CODE_SIGN_STYLE = Manual;
				DEVELOPMENT_TEAM = "";
				INFOPLIST_FILE = Swift5/Info.plist;
				LD_RUNPATH_SEARCH_PATHS = (
					"$(inherited)",
					"@executable_path/Frameworks",
				);
				PRODUCT_BUNDLE_IDENTIFIER = com.sample.Swift5;
				PRODUCT_NAME = "$(TARGET_NAME)";
				PROVISIONING_PROFILE_SPECIFIER = "";
				SWIFT_VERSION = 5.0;
				TARGETED_DEVICE_FAMILY = 3;
			};
			name = Release;
		};
		D5F2EA3C22C2282B00E71B2C /* Debug */ = {
			isa = XCBuildConfiguration;
			buildSettings = {
				ALWAYS_EMBED_SWIFT_STANDARD_LIBRARIES = YES;
				BUNDLE_LOADER = "$(TEST_HOST)";
				CODE_SIGN_STYLE = Automatic;
				INFOPLIST_FILE = Swift5Tests/Info.plist;
				LD_RUNPATH_SEARCH_PATHS = (
					"$(inherited)",
					"@executable_path/Frameworks",
					"@loader_path/Frameworks",
				);
				PRODUCT_BUNDLE_IDENTIFIER = com.sample.Swift5Tests;
				PRODUCT_NAME = "$(TARGET_NAME)";
				SWIFT_VERSION = 5.0;
				TARGETED_DEVICE_FAMILY = 3;
				TEST_HOST = "$(BUILT_PRODUCTS_DIR)/Swift5.app/Swift5";
			};
			name = Debug;
		};
		D5F2EA3D22C2282B00E71B2C /* Release */ = {
			isa = XCBuildConfiguration;
			buildSettings = {
				ALWAYS_EMBED_SWIFT_STANDARD_LIBRARIES = YES;
				BUNDLE_LOADER = "$(TEST_HOST)";
				CODE_SIGN_STYLE = Automatic;
				INFOPLIST_FILE = Swift5Tests/Info.plist;
				LD_RUNPATH_SEARCH_PATHS = (
					"$(inherited)",
					"@executable_path/Frameworks",
					"@loader_path/Frameworks",
				);
				PRODUCT_BUNDLE_IDENTIFIER = com.sample.Swift5Tests;
				PRODUCT_NAME = "$(TARGET_NAME)";
				SWIFT_VERSION = 5.0;
				TARGETED_DEVICE_FAMILY = 3;
				TEST_HOST = "$(BUILT_PRODUCTS_DIR)/Swift5.app/Swift5";
			};
			name = Release;
		};
		D5F2EA3F22C2282B00E71B2C /* Debug */ = {
			isa = XCBuildConfiguration;
			buildSettings = {
				ALWAYS_EMBED_SWIFT_STANDARD_LIBRARIES = YES;
				CODE_SIGN_STYLE = Automatic;
				INFOPLIST_FILE = Swift5UITests/Info.plist;
				LD_RUNPATH_SEARCH_PATHS = (
					"$(inherited)",
					"@executable_path/Frameworks",
					"@loader_path/Frameworks",
				);
				PRODUCT_BUNDLE_IDENTIFIER = com.sample.Swift5UITests;
				PRODUCT_NAME = "$(TARGET_NAME)";
				SWIFT_VERSION = 5.0;
				TARGETED_DEVICE_FAMILY = 3;
				TEST_TARGET_NAME = Swift5;
			};
			name = Debug;
		};
		D5F2EA4022C2282B00E71B2C /* Release */ = {
			isa = XCBuildConfiguration;
			buildSettings = {
				ALWAYS_EMBED_SWIFT_STANDARD_LIBRARIES = YES;
				CODE_SIGN_STYLE = Automatic;
				INFOPLIST_FILE = Swift5UITests/Info.plist;
				LD_RUNPATH_SEARCH_PATHS = (
					"$(inherited)",
					"@executable_path/Frameworks",
					"@loader_path/Frameworks",
				);
				PRODUCT_BUNDLE_IDENTIFIER = com.sample.Swift5UITests;
				PRODUCT_NAME = "$(TARGET_NAME)";
				SWIFT_VERSION = 5.0;
				TARGETED_DEVICE_FAMILY = 3;
				TEST_TARGET_NAME = Swift5;
			};
			name = Release;
		};
/* End XCBuildConfiguration section */

/* Begin XCConfigurationList section */
		D5F2EA0E22C2282800E71B2C /* Build configuration list for PBXProject "Swift5" */ = {
			isa = XCConfigurationList;
			buildConfigurations = (
				D5F2EA3622C2282B00E71B2C /* Debug */,
				D5F2EA3722C2282B00E71B2C /* Release */,
			);
			defaultConfigurationIsVisible = 0;
			defaultConfigurationName = Release;
		};
		D5F2EA3822C2282B00E71B2C /* Build configuration list for PBXNativeTarget "Swift5" */ = {
			isa = XCConfigurationList;
			buildConfigurations = (
				D5F2EA3922C2282B00E71B2C /* Debug */,
				D5F2EA3A22C2282B00E71B2C /* Release */,
			);
			defaultConfigurationIsVisible = 0;
			defaultConfigurationName = Release;
		};
		D5F2EA3B22C2282B00E71B2C /* Build configuration list for PBXNativeTarget "Swift5Tests" */ = {
			isa = XCConfigurationList;
			buildConfigurations = (
				D5F2EA3C22C2282B00E71B2C /* Debug */,
				D5F2EA3D22C2282B00E71B2C /* Release */,
			);
			defaultConfigurationIsVisible = 0;
			defaultConfigurationName = Release;
		};
		D5F2EA3E22C2282B00E71B2C /* Build configuration list for PBXNativeTarget "Swift5UITests" */ = {
			isa = XCConfigurationList;
			buildConfigurations = (
				D5F2EA3F22C2282B00E71B2C /* Debug */,
				D5F2EA4022C2282B00E71B2C /* Release */,
			);
			defaultConfigurationIsVisible = 0;
			defaultConfigurationName = Release;
		};
/* End XCConfigurationList section */
	};
	rootObject = D5F2EA0B22C2282800E71B2C /* Project object */;
}
